{
  "version": 4,
  "terraform_version": "1.1.9",
  "serial": 24,
  "lineage": "a4de1646-99ac-be67-7093-6f1badc47e81",
  "outputs": {
    "external_ip_address_node01_yandex_cloud": {
      "value": "51.250.83.171",
      "type": "string"
    },
    "internal_ip_address_node01_yandex_cloud": {
      "value": "192.168.101.27",
      "type": "string"
    }
  },
  "resources": [
    {
      "mode": "managed",
      "type": "yandex_compute_instance",
      "name": "node01",
      "provider": "provider[\"registry.terraform.io/yandex-cloud/yandex\"]",
      "instances": [
        {
          "schema_version": 1,
          "attributes": {
            "allow_recreate": null,
            "allow_stopping_for_update": true,
            "boot_disk": [
              {
                "auto_delete": true,
                "device_name": "fhmjvahmj5mgiua3o6ad",
                "disk_id": "fhmjvahmj5mgiua3o6ad",
                "initialize_params": [
                  {
                    "block_size": 4096,
                    "description": "",
                    "image_id": "fd8fehaetisd0nh4r2lr",
                    "name": "root-node01",
                    "size": 50,
                    "snapshot_id": "",
                    "type": "network-ssd"
                  }
                ],
                "mode": "READ_WRITE"
              }
            ],
            "created_at": "2022-04-24T20:42:15Z",
            "description": "",
            "folder_id": "b1gp4seucrmq379e3ogd",
            "fqdn": "node01.netology.cloud",
            "hostname": "node01",
            "id": "fhm2di27vcc9qc0akbhf",
            "labels": null,
            "metadata": {
              "ssh-keys": "centos:ssh-rsa AAAAB3NzaC1yc2EAAAADAQABAAABgQDv4gDcRYeuWKos4zvlntzdwJelAM82ucUpc3w4HjKjug92wF/Ohx6Jn7j6McDagRBd1nFgtV+3RW3WVb/1nZ3FbBOpaUKofiKFGO8Rj67PfTFdanT8bDjgvPA/n36RCrWj8HSJc+pggtCsp637vHEs8m3cgTw+FgZuFJkoZp9ri4aijMvbV6uwZ2tX2Vdl+O8oUe9wmEkGcxM3OdLiw/bmPAXdSH1m7D95OzXgM7UHBaHbRxzGvtPXvPH/xjZvkg6cUy24+d6SnBeRDOmAM3e75/TGyKrGbYH33qeCmUyc1wgPVBK3qwW5zeehi4vELOrGbDP5n42X54Hku3TgVPjdYwxKi5TMMlmMLEamtqPVj1UALW9jvRoZVeq05yxiUsWJSnv8sF463D62rUDH9jUjigLxHtSNKF6GMwZL5RCim0vaL5YPBBl4cmfYRrSENxUCmnqvyM8hWU+FXL/DirrGecvSJvh0AmpynEoOuqPSzwzn1B+ndzx7ex9S2JycDQs= pashi@pashi-docker\n"
            },
            "name": "node01",
            "network_acceleration_type": "standard",
            "network_interface": [
              {
                "dns_record": [],
                "index": 0,
                "ip_address": "192.168.101.27",
                "ipv4": true,
                "ipv6": false,
                "ipv6_address": "",
                "ipv6_dns_record": [],
                "mac_address": "d0:0d:26:c8:47:fb",
                "nat": true,
                "nat_dns_record": [],
                "nat_ip_address": "51.250.83.171",
                "nat_ip_version": "IPV4",
                "security_group_ids": [],
                "subnet_id": "e9bkgqm98t8m2pll67jc"
              }
            ],
            "placement_policy": [
              {
                "host_affinity_rules": [],
                "placement_group_id": ""
              }
            ],
            "platform_id": "standard-v1",
            "resources": [
              {
                "core_fraction": 100,
                "cores": 8,
                "gpus": 0,
                "memory": 8
              }
            ],
            "scheduling_policy": [
              {
                "preemptible": false
              }
            ],
            "secondary_disk": [],
            "service_account_id": "",
            "status": "running",
            "timeouts": null,
            "zone": "ru-central1-a"
          },
          "sensitive_attributes": [],
          "private": "eyJlMmJmYjczMC1lY2FhLTExZTYtOGY4OC0zNDM2M2JjN2M0YzAiOnsiY3JlYXRlIjozMDAwMDAwMDAwMDAsImRlbGV0ZSI6MzAwMDAwMDAwMDAwLCJ1cGRhdGUiOjMwMDAwMDAwMDAwMH0sInNjaGVtYV92ZXJzaW9uIjoiMSJ9",
          "dependencies": [
            "yandex_vpc_subnet.default"
          ]
        }
      ]
    },
    {
      "mode": "managed",
      "type": "yandex_vpc_network",
      "name": "default",
      "provider": "provider[\"registry.terraform.io/yandex-cloud/yandex\"]",
      "instances": [
        {
          "schema_version": 0,
          "attributes": {
            "created_at": "2022-04-24T18:14:02Z",
            "default_security_group_id": "",
            "description": "",
            "folder_id": "b1gp4seucrmq379e3ogd",
            "id": "enp50dsekj10otlcmhtj",
            "labels": {},
            "name": "net",
            "subnet_ids": [
              "e9bkgqm98t8m2pll67jc"
            ],
            "timeouts": null
          },
          "sensitive_attributes": [],
          "private": "eyJlMmJmYjczMC1lY2FhLTExZTYtOGY4OC0zNDM2M2JjN2M0YzAiOnsiY3JlYXRlIjo2MDAwMDAwMDAwMCwiZGVsZXRlIjo2MDAwMDAwMDAwMCwidXBkYXRlIjo2MDAwMDAwMDAwMH19"
        }
      ]
    },
    {
      "mode": "managed",
      "type": "yandex_vpc_subnet",
      "name": "default",
      "provider": "provider[\"registry.terraform.io/yandex-cloud/yandex\"]",
      "instances": [
        {
          "schema_version": 0,
          "attributes": {
            "created_at": "2022-04-24T18:14:03Z",
            "description": "",
            "dhcp_options": [],
            "folder_id": "b1gp4seucrmq379e3ogd",
            "id": "e9bkgqm98t8m2pll67jc",
            "labels": {},
            "name": "subnet",
            "network_id": "enp50dsekj10otlcmhtj",
            "route_table_id": "",
            "timeouts": null,
            "v4_cidr_blocks": [
              "192.168.101.0/24"
            ],
            "v6_cidr_blocks": [],
            "zone": "ru-central1-a"
          },
          "sensitive_attributes": [],
          "private": "eyJlMmJmYjczMC1lY2FhLTExZTYtOGY4OC0zNDM2M2JjN2M0YzAiOnsiY3JlYXRlIjoxODAwMDAwMDAwMDAsImRlbGV0ZSI6MTgwMDAwMDAwMDAwLCJ1cGRhdGUiOjE4MDAwMDAwMDAwMH19",
          "dependencies": [
            "yandex_vpc_network.default"
          ]
        }
      ]
    }
  ]
}
