{
  "version": 4,
  "terraform_version": "1.1.9",
  "serial": 22,
  "lineage": "a4de1646-99ac-be67-7093-6f1badc47e81",
  "outputs": {},
  "resources": [
    {
      "mode": "managed",
      "type": "yandex_vpc_network",
      "name": "default",
      "provider": "provider[\"registry.terraform.io/yandex-cloud/yandex\"]",
      "instances": [
        {
          "schema_version": 0,
          "attributes": {
            "created_at": "2022-04-24T18:14:02Z",
            "default_security_group_id": "",
            "description": "",
            "folder_id": "b1gp4seucrmq379e3ogd",
            "id": "enp50dsekj10otlcmhtj",
            "labels": {},
            "name": "net",
            "subnet_ids": [
              "e9bkgqm98t8m2pll67jc"
            ],
            "timeouts": null
          },
          "sensitive_attributes": [],
          "private": "eyJlMmJmYjczMC1lY2FhLTExZTYtOGY4OC0zNDM2M2JjN2M0YzAiOnsiY3JlYXRlIjo2MDAwMDAwMDAwMCwiZGVsZXRlIjo2MDAwMDAwMDAwMCwidXBkYXRlIjo2MDAwMDAwMDAwMH19"
        }
      ]
    },
    {
      "mode": "managed",
      "type": "yandex_vpc_subnet",
      "name": "default",
      "provider": "provider[\"registry.terraform.io/yandex-cloud/yandex\"]",
      "instances": [
        {
          "schema_version": 0,
          "attributes": {
            "created_at": "2022-04-24T18:14:03Z",
            "description": "",
            "dhcp_options": [],
            "folder_id": "b1gp4seucrmq379e3ogd",
            "id": "e9bkgqm98t8m2pll67jc",
            "labels": {},
            "name": "subnet",
            "network_id": "enp50dsekj10otlcmhtj",
            "route_table_id": "",
            "timeouts": null,
            "v4_cidr_blocks": [
              "192.168.101.0/24"
            ],
            "v6_cidr_blocks": [],
            "zone": "ru-central1-a"
          },
          "sensitive_attributes": [],
          "private": "eyJlMmJmYjczMC1lY2FhLTExZTYtOGY4OC0zNDM2M2JjN2M0YzAiOnsiY3JlYXRlIjoxODAwMDAwMDAwMDAsImRlbGV0ZSI6MTgwMDAwMDAwMDAwLCJ1cGRhdGUiOjE4MDAwMDAwMDAwMH19",
          "dependencies": [
            "yandex_vpc_network.default"
          ]
        }
      ]
    }
  ]
}
